{
  "requires": true,
  "lockfileVersion": 1,
  "dependencies": {
    "use-http": {
      "version": "0.2.5",
      "resolved": "https://registry.npmjs.org/use-http/-/use-http-0.2.5.tgz",
      "integrity": "sha512-rSKdDQeUSbv6rKTj11sMTiDSiTZihEGXFkFHb1C60Uc7oJmOdcWo1tgCZS0OJvEwiI0t8cGKdD8qPYhSor5r4g==",
      "requires": {
        "use-ssr": "^1.0.22"
      }
    },
    "use-ssr": {
      "version": "1.0.22",
      "resolved": "https://registry.npmjs.org/use-ssr/-/use-ssr-1.0.22.tgz",
      "integrity": "sha512-0kA0qfI4uw7PeRsz7X0XOdl2CdbgMBSFhj3n5JzMu8ZNlcZ2NrarhGjdmoxW1Q5d3WtNKbCNIjns/CKhpL7z8g=="
    }
  }
}
